// !$*UTF8*$!
{
	archiveVersion = 1;
	classes = {
	};
	objectVersion = 50;
	objects = {

/* Begin PBXBuildFile section */
		A909101C23C0F917001DB6E4 /* Networker.swift in Sources */ = {isa = PBXBuildFile; fileRef = A909101B23C0F917001DB6E4 /* Networker.swift */; };
		A989488F2399535A0055084B /* AppDelegate.swift in Sources */ = {isa = PBXBuildFile; fileRef = A989488E2399535A0055084B /* AppDelegate.swift */; };
		A98948912399535A0055084B /* ViewController.swift in Sources */ = {isa = PBXBuildFile; fileRef = A98948902399535A0055084B /* ViewController.swift */; };
		A98948942399535A0055084B /* Main.storyboard in Resources */ = {isa = PBXBuildFile; fileRef = A98948922399535A0055084B /* Main.storyboard */; };
		A98948962399535C0055084B /* Assets.xcassets in Resources */ = {isa = PBXBuildFile; fileRef = A98948952399535C0055084B /* Assets.xcassets */; };
		A98948992399535C0055084B /* LaunchScreen.storyboard in Resources */ = {isa = PBXBuildFile; fileRef = A98948972399535C0055084B /* LaunchScreen.storyboard */; };
		A9CD6D6A23C0DFD600AA65E9 /* JSONModel.swift in Sources */ = {isa = PBXBuildFile; fileRef = A9CD6D6923C0DFD600AA65E9 /* JSONModel.swift */; };
		A9CD6D6C23C0E73500AA65E9 /* LocationService.swift in Sources */ = {isa = PBXBuildFile; fileRef = A9CD6D6B23C0E73500AA65E9 /* LocationService.swift */; };
/* End PBXBuildFile section */

/* Begin PBXFileReference section */
		A909101B23C0F917001DB6E4 /* Networker.swift */ = {isa = PBXFileReference; lastKnownFileType = sourcecode.swift; path = Networker.swift; sourceTree = "<group>"; };
		A989488B2399535A0055084B /* testWeather.app */ = {isa = PBXFileReference; explicitFileType = wrapper.application; includeInIndex = 0; path = testWeather.app; sourceTree = BUILT_PRODUCTS_DIR; };
		A989488E2399535A0055084B /* AppDelegate.swift */ = {isa = PBXFileReference; lastKnownFileType = sourcecode.swift; path = AppDelegate.swift; sourceTree = "<group>"; };
		A98948902399535A0055084B /* ViewController.swift */ = {isa = PBXFileReference; lastKnownFileType = sourcecode.swift; path = ViewController.swift; sourceTree = "<group>"; };
		A98948932399535A0055084B /* Base */ = {isa = PBXFileReference; lastKnownFileType = file.storyboard; name = Base; path = Base.lproj/Main.storyboard; sourceTree = "<group>"; };
		A98948952399535C0055084B /* Assets.xcassets */ = {isa = PBXFileReference; lastKnownFileType = folder.assetcatalog; path = Assets.xcassets; sourceTree = "<group>"; };
		A98948982399535C0055084B /* Base */ = {isa = PBXFileReference; lastKnownFileType = file.storyboard; name = Base; path = Base.lproj/LaunchScreen.storyboard; sourceTree = "<group>"; };
		A989489A2399535C0055084B /* Info.plist */ = {isa = PBXFileReference; lastKnownFileType = text.plist.xml; path = Info.plist; sourceTree = "<group>"; };
		A9CD6D6923C0DFD600AA65E9 /* JSONModel.swift */ = {isa = PBXFileReference; lastKnownFileType = sourcecode.swift; path = JSONModel.swift; sourceTree = "<group>"; };
		A9CD6D6B23C0E73500AA65E9 /* LocationService.swift */ = {isa = PBXFileReference; lastKnownFileType = sourcecode.swift; path = LocationService.swift; sourceTree = "<group>"; };
/* End PBXFileReference section */

/* Begin PBXFrameworksBuildPhase section */
		A98948882399535A0055084B /* Frameworks */ = {
			isa = PBXFrameworksBuildPhase;
			buildActionMask = 2147483647;
			files = (
			);
			runOnlyForDeploymentPostprocessing = 0;
		};
/* End PBXFrameworksBuildPhase section */

/* Begin PBXGroup section */
		A926C1CE23C352C40030B799 /* Resources */ = {
			isa = PBXGroup;
			children = (
				A98948922399535A0055084B /* Main.storyboard */,
				A98948972399535C0055084B /* LaunchScreen.storyboard */,
				A98948952399535C0055084B /* Assets.xcassets */,
				A989489A2399535C0055084B /* Info.plist */,
			);
			path = Resources;
			sourceTree = "<group>";
		};
		A926C1CF23C352D30030B799 /* Service */ = {
			isa = PBXGroup;
			children = (
				A909101B23C0F917001DB6E4 /* Networker.swift */,
				A9CD6D6923C0DFD600AA65E9 /* JSONModel.swift */,
				A9CD6D6B23C0E73500AA65E9 /* LocationService.swift */,
			);
			path = Service;
			sourceTree = "<group>";
		};
		A926C1D323C356910030B799 /* Main Scene */ = {
			isa = PBXGroup;
			children = (
				A98948902399535A0055084B /* ViewController.swift */,
			);
			path = "Main Scene";
			sourceTree = "<group>";
		};
		A98948822399535A0055084B = {
			isa = PBXGroup;
			children = (
				A989488D2399535A0055084B /* testWeather */,
				A989488C2399535A0055084B /* Products */,
			);
			sourceTree = "<group>";
		};
		A989488C2399535A0055084B /* Products */ = {
			isa = PBXGroup;
			children = (
				A989488B2399535A0055084B /* testWeather.app */,
			);
			name = Products;
			sourceTree = "<group>";
		};
		A989488D2399535A0055084B /* testWeather */ = {
			isa = PBXGroup;
			children = (
				A989488E2399535A0055084B /* AppDelegate.swift */,
				A926C1D323C356910030B799 /* Main Scene */,
				A926C1CF23C352D30030B799 /* Service */,
				A926C1CE23C352C40030B799 /* Resources */,
			);
			path = testWeather;
			sourceTree = "<group>";
		};
/* End PBXGroup section */

/* Begin PBXNativeTarget section */
		A989488A2399535A0055084B /* testWeather */ = {
			isa = PBXNativeTarget;
			buildConfigurationList = A989489D2399535C0055084B /* Build configuration list for PBXNativeTarget "testWeather" */;
			buildPhases = (
				A98948872399535A0055084B /* Sources */,
				A98948882399535A0055084B /* Frameworks */,
				A98948892399535A0055084B /* Resources */,
			);
			buildRules = (
			);
			dependencies = (
			);
			name = testWeather;
			productName = testWeather;
			productReference = A989488B2399535A0055084B /* testWeather.app */;
			productType = "com.apple.product-type.application";
		};
/* End PBXNativeTarget section */

/* Begin PBXProject section */
		A98948832399535A0055084B /* Project object */ = {
			isa = PBXProject;
			attributes = {
				LastSwiftUpdateCheck = 1030;
				LastUpgradeCheck = 1030;
				ORGANIZATIONNAME = "Anton Asetski";
				TargetAttributes = {
					A989488A2399535A0055084B = {
						CreatedOnToolsVersion = 10.3;
					};
				};
			};
			buildConfigurationList = A98948862399535A0055084B /* Build configuration list for PBXProject "testWeather" */;
			compatibilityVersion = "Xcode 9.3";
			developmentRegion = en;
			hasScannedForEncodings = 0;
			knownRegions = (
				en,
				Base,
			);
			mainGroup = A98948822399535A0055084B;
			productRefGroup = A989488C2399535A0055084B /* Products */;
			projectDirPath = "";
			projectRoot = "";
			targets = (
				A989488A2399535A0055084B /* testWeather */,
			);
		};
/* End PBXProject section */

/* Begin PBXResourcesBuildPhase section */
		A98948892399535A0055084B /* Resources */ = {
			isa = PBXResourcesBuildPhase;
			buildActionMask = 2147483647;
			files = (
				A98948992399535C0055084B /* LaunchScreen.storyboard in Resources */,
				A98948962399535C0055084B /* Assets.xcassets in Resources */,
				A98948942399535A0055084B /* Main.storyboard in Resources */,
			);
			runOnlyForDeploymentPostprocessing = 0;
		};
/* End PBXResourcesBuildPhase section */

/* Begin PBXSourcesBuildPhase section */
		A98948872399535A0055084B /* Sources */ = {
			isa = PBXSourcesBuildPhase;
			buildActionMask = 2147483647;
			files = (
				A909101C23C0F917001DB6E4 /* Networker.swift in Sources */,
				A9CD6D6C23C0E73500AA65E9 /* LocationService.swift in Sources */,
				A9CD6D6A23C0DFD600AA65E9 /* JSONModel.swift in Sources */,
				A98948912399535A0055084B /* ViewController.swift in Sources */,
				A989488F2399535A0055084B /* AppDelegate.swift in Sources */,
			);
			runOnlyForDeploymentPostprocessing = 0;
		};
/* End PBXSourcesBuildPhase section */

/* Begin PBXVariantGroup section */
		A98948922399535A0055084B /* Main.storyboard */ = {
			isa = PBXVariantGroup;
			children = (
				A98948932399535A0055084B /* Base */,
			);
			name = Main.storyboard;
			sourceTree = "<group>";
		};
		A98948972399535C0055084B /* LaunchScreen.storyboard */ = {
			isa = PBXVariantGroup;
			children = (
				A98948982399535C0055084B /* Base */,
			);
			name = LaunchScreen.storyboard;
			sourceTree = "<group>";
		};
/* End PBXVariantGroup section */

/* Begin XCBuildConfiguration section */
		A989489B2399535C0055084B /* Debug */ = {
			isa = XCBuildConfiguration;
			buildSettings = {
				ALWAYS_SEARCH_USER_PATHS = NO;
				CLANG_ANALYZER_NONNULL = YES;
				CLANG_ANALYZER_NUMBER_OBJECT_CONVERSION = YES_AGGRESSIVE;
				CLANG_CXX_LANGUAGE_STANDARD = "gnu++14";
				CLANG_CXX_LIBRARY = "libc++";
				CLANG_ENABLE_MODULES = YES;
				CLANG_ENABLE_OBJC_ARC = YES;
				CLANG_ENABLE_OBJC_WEAK = YES;
				CLANG_WARN_BLOCK_CAPTURE_AUTORELEASING = YES;
				CLANG_WARN_BOOL_CONVERSION = YES;
				CLANG_WARN_COMMA = YES;
				CLANG_WARN_CONSTANT_CONVERSION = YES;
				CLANG_WARN_DEPRECATED_OBJC_IMPLEMENTATIONS = YES;
				CLANG_WARN_DIRECT_OBJC_ISA_USAGE = YES_ERROR;
				CLANG_WARN_DOCUMENTATION_COMMENTS = YES;
				CLANG_WARN_EMPTY_BODY = YES;
				CLANG_WARN_ENUM_CONVERSION = YES;
				CLANG_WARN_INFINITE_RECURSION = YES;
				CLANG_WARN_INT_CONVERSION = YES;
				CLANG_WARN_NON_LITERAL_NULL_CONVERSION = YES;
				CLANG_WARN_OBJC_IMPLICIT_RETAIN_SELF = YES;
				CLANG_WARN_OBJC_LITERAL_CONVERSION = YES;
				CLANG_WARN_OBJC_ROOT_CLASS = YES_ERROR;
				CLANG_WARN_RANGE_LOOP_ANALYSIS = YES;
				CLANG_WARN_STRICT_PROTOTYPES = YES;
				CLANG_WARN_SUSPICIOUS_MOVE = YES;
				CLANG_WARN_UNGUARDED_AVAILABILITY = YES_AGGRESSIVE;
				CLANG_WARN_UNREACHABLE_CODE = YES;
				CLANG_WARN__DUPLICATE_METHOD_MATCH = YES;
				CODE_SIGN_IDENTITY = "iPhone Developer";
				COPY_PHASE_STRIP = NO;
				DEBUG_INFORMATION_FORMAT = dwarf;
				ENABLE_STRICT_OBJC_MSGSEND = YES;
				ENABLE_TESTABILITY = YES;
				GCC_C_LANGUAGE_STANDARD = gnu11;
				GCC_DYNAMIC_NO_PIC = NO;
				GCC_NO_COMMON_BLOCKS = YES;
				GCC_OPTIMIZATION_LEVEL = 0;
				GCC_PREPROCESSOR_DEFINITIONS = (
					"DEBUG=1",
					"$(inherited)",
				);
				GCC_WARN_64_TO_32_BIT_CONVERSION = YES;
				GCC_WARN_ABOUT_RETURN_TYPE = YES_ERROR;
				GCC_WARN_UNDECLARED_SELECTOR = YES;
				GCC_WARN_UNINITIALIZED_AUTOS = YES_AGGRESSIVE;
				GCC_WARN_UNUSED_FUNCTION = YES;
				GCC_WARN_UNUSED_VARIABLE = YES;
				IPHONEOS_DEPLOYMENT_TARGET = 12.4;
				MTL_ENABLE_DEBUG_INFO = INCLUDE_SOURCE;
				MTL_FAST_MATH = YES;
				ONLY_ACTIVE_ARCH = YES;
				SDKROOT = iphoneos;
				SWIFT_ACTIVE_COMPILATION_CONDITIONS = DEBUG;
				SWIFT_OPTIMIZATION_LEVEL = "-Onone";
			};
			name = Debug;
		};
		A989489C2399535C0055084B /* Release */ = {
			isa = XCBuildConfiguration;
			buildSettings = {
				ALWAYS_SEARCH_USER_PATHS = NO;
				CLANG_ANALYZER_NONNULL = YES;
				CLANG_ANALYZER_NUMBER_OBJECT_CONVERSION = YES_AGGRESSIVE;
				CLANG_CXX_LANGUAGE_STANDARD = "gnu++14";
				CLANG_CXX_LIBRARY = "libc++";
				CLANG_ENABLE_MODULES = YES;
				CLANG_ENABLE_OBJC_ARC = YES;
				CLANG_ENABLE_OBJC_WEAK = YES;
				CLANG_WARN_BLOCK_CAPTURE_AUTORELEASING = YES;
				CLANG_WARN_BOOL_CONVERSION = YES;
				CLANG_WARN_COMMA = YES;
				CLANG_WARN_CONSTANT_CONVERSION = YES;
				CLANG_WARN_DEPRECATED_OBJC_IMPLEMENTATIONS = YES;
				CLANG_WARN_DIRECT_OBJC_ISA_USAGE = YES_ERROR;
				CLANG_WARN_DOCUMENTATION_COMMENTS = YES;
				CLANG_WARN_EMPTY_BODY = YES;
				CLANG_WARN_ENUM_CONVERSION = YES;
				CLANG_WARN_INFINITE_RECURSION = YES;
				CLANG_WARN_INT_CONVERSION = YES;
				CLANG_WARN_NON_LITERAL_NULL_CONVERSION = YES;
				CLANG_WARN_OBJC_IMPLICIT_RETAIN_SELF = YES;
				CLANG_WARN_OBJC_LITERAL_CONVERSION = YES;
				CLANG_WARN_OBJC_ROOT_CLASS = YES_ERROR;
				CLANG_WARN_RANGE_LOOP_ANALYSIS = YES;
				CLANG_WARN_STRICT_PROTOTYPES = YES;
				CLANG_WARN_SUSPICIOUS_MOVE = YES;
				CLANG_WARN_UNGUARDED_AVAILABILITY = YES_AGGRESSIVE;
				CLANG_WARN_UNREACHABLE_CODE = YES;
				CLANG_WARN__DUPLICATE_METHOD_MATCH = YES;
				CODE_SIGN_IDENTITY = "iPhone Developer";
				COPY_PHASE_STRIP = NO;
				DEBUG_INFORMATION_FORMAT = "dwarf-with-dsym";
				ENABLE_NS_ASSERTIONS = NO;
				ENABLE_STRICT_OBJC_MSGSEND = YES;
				GCC_C_LANGUAGE_STANDARD = gnu11;
				GCC_NO_COMMON_BLOCKS = YES;
				GCC_WARN_64_TO_32_BIT_CONVERSION = YES;
				GCC_WARN_ABOUT_RETURN_TYPE = YES_ERROR;
				GCC_WARN_UNDECLARED_SELECTOR = YES;
				GCC_WARN_UNINITIALIZED_AUTOS = YES_AGGRESSIVE;
				GCC_WARN_UNUSED_FUNCTION = YES;
				GCC_WARN_UNUSED_VARIABLE = YES;
				IPHONEOS_DEPLOYMENT_TARGET = 12.4;
				MTL_ENABLE_DEBUG_INFO = NO;
				MTL_FAST_MATH = YES;
				SDKROOT = iphoneos;
				SWIFT_COMPILATION_MODE = wholemodule;
				SWIFT_OPTIMIZATION_LEVEL = "-O";
				VALIDATE_PRODUCT = YES;
			};
			name = Release;
		};
		A989489E2399535C0055084B /* Debug */ = {
			isa = XCBuildConfiguration;
			buildSettings = {
				ASSETCATALOG_COMPILER_APPICON_NAME = AppIcon;
				CODE_SIGN_STYLE = Automatic;
				DEVELOPMENT_TEAM = "";
				INFOPLIST_FILE = testWeather/Resources/Info.plist;
				LD_RUNPATH_SEARCH_PATHS = (
					"$(inherited)",
					"@executable_path/Frameworks",
				);
				PRODUCT_BUNDLE_IDENTIFIER = asd.testWeather;
				PRODUCT_NAME = "$(TARGET_NAME)";
				SWIFT_VERSION = 5.0;
				TARGETED_DEVICE_FAMILY = "1,2";
			};
			name = Debug;
		};
		A989489F2399535C0055084B /* Release */ = {
			isa = XCBuildConfiguration;
			buildSettings = {
				ASSETCATALOG_COMPILER_APPICON_NAME = AppIcon;
				CODE_SIGN_STYLE = Automatic;
				DEVELOPMENT_TEAM = "";
				INFOPLIST_FILE = testWeather/Resources/Info.plist;
				LD_RUNPATH_SEARCH_PATHS = (
					"$(inherited)",
					"@executable_path/Frameworks",
				);
				PRODUCT_BUNDLE_IDENTIFIER = asd.testWeather;
				PRODUCT_NAME = "$(TARGET_NAME)";
				SWIFT_VERSION = 5.0;
				TARGETED_DEVICE_FAMILY = "1,2";
			};
			name = Release;
		};
/* End XCBuildConfiguration section */

/* Begin XCConfigurationList section */
		A98948862399535A0055084B /* Build configuration list for PBXProject "testWeather" */ = {
			isa = XCConfigurationList;
			buildConfigurations = (
				A989489B2399535C0055084B /* Debug */,
				A989489C2399535C0055084B /* Release */,
			);
			defaultConfigurationIsVisible = 0;
			defaultConfigurationName = Release;
		};
		A989489D2399535C0055084B /* Build configuration list for PBXNativeTarget "testWeather" */ = {
			isa = XCConfigurationList;
			buildConfigurations = (
				A989489E2399535C0055084B /* Debug */,
				A989489F2399535C0055084B /* Release */,
			);
			defaultConfigurationIsVisible = 0;
			defaultConfigurationName = Release;
		};
/* End XCConfigurationList section */
	};
	rootObject = A98948832399535A0055084B /* Project object */;
}
